
Microsoft Visual Studio Solution File, Format Version 12.00
# Visual Studio 15
VisualStudioVersion = 15.0.26430.6
MinimumVisualStudioVersion = 10.0.40219.1
Project("{FAE04EC0-301F-11D3-BF4B-00C04F79EFBC}") = "Inheritance", "Inheritance\Inheritance.csproj", "{70833A69-5565-4DC9-BC6E-5A8D02451F90}"
EndProject
Project("{FAE04EC0-301F-11D3-BF4B-00C04F79EFBC}") = "Random", "Random List\Random.csproj", "{6231EC46-0199-491F-909E-1C660BAFEC97}"
EndProject
Project("{FAE04EC0-301F-11D3-BF4B-00C04F79EFBC}") = "StartUp", "StartUp\StartUp.csproj", "{FE04FB28-FB90-4763-A0BF-66CDF75DB134}"
EndProject
Project("{FAE04EC0-301F-11D3-BF4B-00C04F79EFBC}") = "Start", "Start\Start.csproj", "{6C4593A9-33AC-43F1-9ABA-84A965373F78}"
EndProject
Project("{FAE04EC0-301F-11D3-BF4B-00C04F79EFBC}") = "Book Shop", "Book Shop\Book Shop.csproj", "{F513A09A-1714-4A8C-AD28-B9D9C55A64EF}"
EndProject
Project("{FAE04EC0-301F-11D3-BF4B-00C04F79EFBC}") = "Mankind", "Mankind\Mankind.csproj", "{BDFA2144-9262-4E8C-9988-F1746A39FFD7}"
EndProject
Project("{FAE04EC0-301F-11D3-BF4B-00C04F79EFBC}") = "Online Radio Database", "Online Radio Database\Online Radio Database.csproj", "{EC2E64A2-CDB6-44CA-8FF5-1D47289DC63F}"
EndProject
Global
	GlobalSection(SolutionConfigurationPlatforms) = preSolution
		Debug|Any CPU = Debug|Any CPU
		Release|Any CPU = Release|Any CPU
	EndGlobalSection
	GlobalSection(ProjectConfigurationPlatforms) = postSolution
		{70833A69-5565-4DC9-BC6E-5A8D02451F90}.Debug|Any CPU.ActiveCfg = Debug|Any CPU
		{70833A69-5565-4DC9-BC6E-5A8D02451F90}.Debug|Any CPU.Build.0 = Debug|Any CPU
		{70833A69-5565-4DC9-BC6E-5A8D02451F90}.Release|Any CPU.ActiveCfg = Release|Any CPU
		{70833A69-5565-4DC9-BC6E-5A8D02451F90}.Release|Any CPU.Build.0 = Release|Any CPU
		{6231EC46-0199-491F-909E-1C660BAFEC97}.Debug|Any CPU.ActiveCfg = Debug|Any CPU
		{6231EC46-0199-491F-909E-1C660BAFEC97}.Debug|Any CPU.Build.0 = Debug|Any CPU
		{6231EC46-0199-491F-909E-1C660BAFEC97}.Release|Any CPU.ActiveCfg = Release|Any CPU
		{6231EC46-0199-491F-909E-1C660BAFEC97}.Release|Any CPU.Build.0 = Release|Any CPU
		{FE04FB28-FB90-4763-A0BF-66CDF75DB134}.Debug|Any CPU.ActiveCfg = Debug|Any CPU
		{FE04FB28-FB90-4763-A0BF-66CDF75DB134}.Debug|Any CPU.Build.0 = Debug|Any CPU
		{FE04FB28-FB90-4763-A0BF-66CDF75DB134}.Release|Any CPU.ActiveCfg = Release|Any CPU
		{FE04FB28-FB90-4763-A0BF-66CDF75DB134}.Release|Any CPU.Build.0 = Release|Any CPU
		{6C4593A9-33AC-43F1-9ABA-84A965373F78}.Debug|Any CPU.ActiveCfg = Debug|Any CPU
		{6C4593A9-33AC-43F1-9ABA-84A965373F78}.Debug|Any CPU.Build.0 = Debug|Any CPU
		{6C4593A9-33AC-43F1-9ABA-84A965373F78}.Release|Any CPU.ActiveCfg = Release|Any CPU
		{6C4593A9-33AC-43F1-9ABA-84A965373F78}.Release|Any CPU.Build.0 = Release|Any CPU
		{F513A09A-1714-4A8C-AD28-B9D9C55A64EF}.Debug|Any CPU.ActiveCfg = Debug|Any CPU
		{F513A09A-1714-4A8C-AD28-B9D9C55A64EF}.Debug|Any CPU.Build.0 = Debug|Any CPU
		{F513A09A-1714-4A8C-AD28-B9D9C55A64EF}.Release|Any CPU.ActiveCfg = Release|Any CPU
		{F513A09A-1714-4A8C-AD28-B9D9C55A64EF}.Release|Any CPU.Build.0 = Release|Any CPU
		{BDFA2144-9262-4E8C-9988-F1746A39FFD7}.Debug|Any CPU.ActiveCfg = Debug|Any CPU
		{BDFA2144-9262-4E8C-9988-F1746A39FFD7}.Debug|Any CPU.Build.0 = Debug|Any CPU
		{BDFA2144-9262-4E8C-9988-F1746A39FFD7}.Release|Any CPU.ActiveCfg = Release|Any CPU
		{BDFA2144-9262-4E8C-9988-F1746A39FFD7}.Release|Any CPU.Build.0 = Release|Any CPU
		{EC2E64A2-CDB6-44CA-8FF5-1D47289DC63F}.Debug|Any CPU.ActiveCfg = Debug|Any CPU
		{EC2E64A2-CDB6-44CA-8FF5-1D47289DC63F}.Debug|Any CPU.Build.0 = Debug|Any CPU
		{EC2E64A2-CDB6-44CA-8FF5-1D47289DC63F}.Release|Any CPU.ActiveCfg = Release|Any CPU
		{EC2E64A2-CDB6-44CA-8FF5-1D47289DC63F}.Release|Any CPU.Build.0 = Release|Any CPU
	EndGlobalSection
	GlobalSection(SolutionProperties) = preSolution
		HideSolutionNode = FALSE
	EndGlobalSection
EndGlobal
