
Microsoft Visual Studio Solution File, Format Version 12.00
# Visual Studio 15
VisualStudioVersion = 15.0.26430.6
MinimumVisualStudioVersion = 10.0.40219.1
Project("{FAE04EC0-301F-11D3-BF4B-00C04F79EFBC}") = "DefineBankAccountClass", "DefineBankAccountClass\DefineBankAccountClass.csproj", "{F3320E08-BB34-4C09-AD00-FA667FDA6821}"
EndProject
Project("{FAE04EC0-301F-11D3-BF4B-00C04F79EFBC}") = "Define a Class Person", "Define a Class Person\Define a Class Person.csproj", "{3EE9AC0B-D406-48A5-B5D9-6C35D86999CE}"
EndProject
Project("{FAE04EC0-301F-11D3-BF4B-00C04F79EFBC}") = "Oldest Family Member", "Oldest Family Member\Oldest Family Member.csproj", "{68BBE265-B2A3-4754-97F4-FE8CEB2D1D57}"
EndProject
Project("{FAE04EC0-301F-11D3-BF4B-00C04F79EFBC}") = "Opinion Poll", "Opinion Poll\Opinion Poll.csproj", "{27A17372-FBCF-4E78-8C9B-0EB3EEEF87AE}"
EndProject
Project("{FAE04EC0-301F-11D3-BF4B-00C04F79EFBC}") = "Date Modifier", "Date Modifier\Date Modifier.csproj", "{EC4436D4-3A2A-4B27-8CF9-2315B86FCA16}"
EndProject
Project("{FAE04EC0-301F-11D3-BF4B-00C04F79EFBC}") = "Company Roster", "Company Roster\Company Roster.csproj", "{A277E416-9953-435B-ACFD-8927E691916C}"
EndProject
Project("{FAE04EC0-301F-11D3-BF4B-00C04F79EFBC}") = "Speed Racing", "Speed Racing\Speed Racing.csproj", "{116C7003-5CE7-425F-9B7F-DA044F6DE2AB}"
EndProject
Project("{FAE04EC0-301F-11D3-BF4B-00C04F79EFBC}") = "Raw Data", "Raw Data\Raw Data.csproj", "{0158F280-5B46-4E2C-B9E6-F5B258270414}"
EndProject
Project("{FAE04EC0-301F-11D3-BF4B-00C04F79EFBC}") = "Rectangle Intersection", "Rectangle Intersection\Rectangle Intersection.csproj", "{85F65906-17B3-48BF-908F-170A05913B3F}"
EndProject
Project("{FAE04EC0-301F-11D3-BF4B-00C04F79EFBC}") = "Car Salesman", "Car Salesman\Car Salesman.csproj", "{D41BFAB3-BEB4-4A6E-8541-BB76B6A47AF3}"
EndProject
Project("{FAE04EC0-301F-11D3-BF4B-00C04F79EFBC}") = "Pokemon Trainer", "Pokemon Trainer\Pokemon Trainer.csproj", "{A3A03110-C596-472A-A829-6F46C4A4F327}"
EndProject
Project("{FAE04EC0-301F-11D3-BF4B-00C04F79EFBC}") = "Google", "Google\Google.csproj", "{5D4DB922-274D-49A0-8B2D-A5828F642169}"
EndProject
Project("{FAE04EC0-301F-11D3-BF4B-00C04F79EFBC}") = "Family Tree", "Family Tree\Family Tree.csproj", "{968BF8C6-5B2F-4B4A-B707-648D2B8917B2}"
EndProject
Global
	GlobalSection(SolutionConfigurationPlatforms) = preSolution
		Debug|Any CPU = Debug|Any CPU
		Release|Any CPU = Release|Any CPU
	EndGlobalSection
	GlobalSection(ProjectConfigurationPlatforms) = postSolution
		{F3320E08-BB34-4C09-AD00-FA667FDA6821}.Debug|Any CPU.ActiveCfg = Debug|Any CPU
		{F3320E08-BB34-4C09-AD00-FA667FDA6821}.Debug|Any CPU.Build.0 = Debug|Any CPU
		{F3320E08-BB34-4C09-AD00-FA667FDA6821}.Release|Any CPU.ActiveCfg = Release|Any CPU
		{F3320E08-BB34-4C09-AD00-FA667FDA6821}.Release|Any CPU.Build.0 = Release|Any CPU
		{3EE9AC0B-D406-48A5-B5D9-6C35D86999CE}.Debug|Any CPU.ActiveCfg = Debug|Any CPU
		{3EE9AC0B-D406-48A5-B5D9-6C35D86999CE}.Debug|Any CPU.Build.0 = Debug|Any CPU
		{3EE9AC0B-D406-48A5-B5D9-6C35D86999CE}.Release|Any CPU.ActiveCfg = Release|Any CPU
		{3EE9AC0B-D406-48A5-B5D9-6C35D86999CE}.Release|Any CPU.Build.0 = Release|Any CPU
		{68BBE265-B2A3-4754-97F4-FE8CEB2D1D57}.Debug|Any CPU.ActiveCfg = Debug|Any CPU
		{68BBE265-B2A3-4754-97F4-FE8CEB2D1D57}.Debug|Any CPU.Build.0 = Debug|Any CPU
		{68BBE265-B2A3-4754-97F4-FE8CEB2D1D57}.Release|Any CPU.ActiveCfg = Release|Any CPU
		{68BBE265-B2A3-4754-97F4-FE8CEB2D1D57}.Release|Any CPU.Build.0 = Release|Any CPU
		{27A17372-FBCF-4E78-8C9B-0EB3EEEF87AE}.Debug|Any CPU.ActiveCfg = Debug|Any CPU
		{27A17372-FBCF-4E78-8C9B-0EB3EEEF87AE}.Debug|Any CPU.Build.0 = Debug|Any CPU
		{27A17372-FBCF-4E78-8C9B-0EB3EEEF87AE}.Release|Any CPU.ActiveCfg = Release|Any CPU
		{27A17372-FBCF-4E78-8C9B-0EB3EEEF87AE}.Release|Any CPU.Build.0 = Release|Any CPU
		{EC4436D4-3A2A-4B27-8CF9-2315B86FCA16}.Debug|Any CPU.ActiveCfg = Debug|Any CPU
		{EC4436D4-3A2A-4B27-8CF9-2315B86FCA16}.Debug|Any CPU.Build.0 = Debug|Any CPU
		{EC4436D4-3A2A-4B27-8CF9-2315B86FCA16}.Release|Any CPU.ActiveCfg = Release|Any CPU
		{EC4436D4-3A2A-4B27-8CF9-2315B86FCA16}.Release|Any CPU.Build.0 = Release|Any CPU
		{A277E416-9953-435B-ACFD-8927E691916C}.Debug|Any CPU.ActiveCfg = Debug|Any CPU
		{A277E416-9953-435B-ACFD-8927E691916C}.Debug|Any CPU.Build.0 = Debug|Any CPU
		{A277E416-9953-435B-ACFD-8927E691916C}.Release|Any CPU.ActiveCfg = Release|Any CPU
		{A277E416-9953-435B-ACFD-8927E691916C}.Release|Any CPU.Build.0 = Release|Any CPU
		{116C7003-5CE7-425F-9B7F-DA044F6DE2AB}.Debug|Any CPU.ActiveCfg = Debug|Any CPU
		{116C7003-5CE7-425F-9B7F-DA044F6DE2AB}.Debug|Any CPU.Build.0 = Debug|Any CPU
		{116C7003-5CE7-425F-9B7F-DA044F6DE2AB}.Release|Any CPU.ActiveCfg = Release|Any CPU
		{116C7003-5CE7-425F-9B7F-DA044F6DE2AB}.Release|Any CPU.Build.0 = Release|Any CPU
		{0158F280-5B46-4E2C-B9E6-F5B258270414}.Debug|Any CPU.ActiveCfg = Debug|Any CPU
		{0158F280-5B46-4E2C-B9E6-F5B258270414}.Debug|Any CPU.Build.0 = Debug|Any CPU
		{0158F280-5B46-4E2C-B9E6-F5B258270414}.Release|Any CPU.ActiveCfg = Release|Any CPU
		{0158F280-5B46-4E2C-B9E6-F5B258270414}.Release|Any CPU.Build.0 = Release|Any CPU
		{85F65906-17B3-48BF-908F-170A05913B3F}.Debug|Any CPU.ActiveCfg = Debug|Any CPU
		{85F65906-17B3-48BF-908F-170A05913B3F}.Debug|Any CPU.Build.0 = Debug|Any CPU
		{85F65906-17B3-48BF-908F-170A05913B3F}.Release|Any CPU.ActiveCfg = Release|Any CPU
		{85F65906-17B3-48BF-908F-170A05913B3F}.Release|Any CPU.Build.0 = Release|Any CPU
		{D41BFAB3-BEB4-4A6E-8541-BB76B6A47AF3}.Debug|Any CPU.ActiveCfg = Debug|Any CPU
		{D41BFAB3-BEB4-4A6E-8541-BB76B6A47AF3}.Debug|Any CPU.Build.0 = Debug|Any CPU
		{D41BFAB3-BEB4-4A6E-8541-BB76B6A47AF3}.Release|Any CPU.ActiveCfg = Release|Any CPU
		{D41BFAB3-BEB4-4A6E-8541-BB76B6A47AF3}.Release|Any CPU.Build.0 = Release|Any CPU
		{A3A03110-C596-472A-A829-6F46C4A4F327}.Debug|Any CPU.ActiveCfg = Debug|Any CPU
		{A3A03110-C596-472A-A829-6F46C4A4F327}.Debug|Any CPU.Build.0 = Debug|Any CPU
		{A3A03110-C596-472A-A829-6F46C4A4F327}.Release|Any CPU.ActiveCfg = Release|Any CPU
		{A3A03110-C596-472A-A829-6F46C4A4F327}.Release|Any CPU.Build.0 = Release|Any CPU
		{5D4DB922-274D-49A0-8B2D-A5828F642169}.Debug|Any CPU.ActiveCfg = Debug|Any CPU
		{5D4DB922-274D-49A0-8B2D-A5828F642169}.Debug|Any CPU.Build.0 = Debug|Any CPU
		{5D4DB922-274D-49A0-8B2D-A5828F642169}.Release|Any CPU.ActiveCfg = Release|Any CPU
		{5D4DB922-274D-49A0-8B2D-A5828F642169}.Release|Any CPU.Build.0 = Release|Any CPU
		{968BF8C6-5B2F-4B4A-B707-648D2B8917B2}.Debug|Any CPU.ActiveCfg = Debug|Any CPU
		{968BF8C6-5B2F-4B4A-B707-648D2B8917B2}.Debug|Any CPU.Build.0 = Debug|Any CPU
		{968BF8C6-5B2F-4B4A-B707-648D2B8917B2}.Release|Any CPU.ActiveCfg = Release|Any CPU
		{968BF8C6-5B2F-4B4A-B707-648D2B8917B2}.Release|Any CPU.Build.0 = Release|Any CPU
	EndGlobalSection
	GlobalSection(SolutionProperties) = preSolution
		HideSolutionNode = FALSE
	EndGlobalSection
EndGlobal
